
Microsoft Visual Studio Solution File, Format Version 12.00
# Visual Studio Version 17
VisualStudioVersion = 17.4.33122.133
MinimumVisualStudioVersion = 10.0.40219.1
Project("{2150E333-8FDC-42A3-9474-1A3956D46DE8}") = "_", "_", "{8C511DA0-2827-4A4B-A8FA-D82AC4B7846C}"
	ProjectSection(SolutionItems) = preProject
		ReadMe.txt = ReadMe.txt
	EndProjectSection
EndProject
Project("{2150E333-8FDC-42A3-9474-1A3956D46DE8}") = "00", "00", "{4455A981-B534-4FDA-B194-A3415C7A6D58}"
EndProject
Project("{2150E333-8FDC-42A3-9474-1A3956D46DE8}") = "01", "01", "{7FD79D7A-AB44-4B48-BBE4-42827AB5810A}"
EndProject
Project("{2150E333-8FDC-42A3-9474-1A3956D46DE8}") = "02", "02", "{10F480AF-5B8C-459E-8A21-19E93FDED56E}"
EndProject
Project("{2150E333-8FDC-42A3-9474-1A3956D46DE8}") = "03", "03", "{22066A3B-AC00-41C7-AB71-0B849D1B7077}"
EndProject
Project("{2150E333-8FDC-42A3-9474-1A3956D46DE8}") = "04", "04", "{0E73C797-6686-456D-B67D-016549F7F283}"
EndProject
Project("{FAE04EC0-301F-11D3-BF4B-00C04F79EFBC}") = "Definicija", "Definicija\Definicija.csproj", "{7DC9F10C-9E21-4681-A601-5DD5501BBDA0}"
EndProject
Project("{FAE04EC0-301F-11D3-BF4B-00C04F79EFBC}") = "VirtualnaSvojstva", "VirtualnaSvojstva\VirtualnaSvojstva.csproj", "{6FCFC859-A800-433A-94D3-1253CCB3E3E3}"
EndProject
Project("{FAE04EC0-301F-11D3-BF4B-00C04F79EFBC}") = "Preopterećenje", "Preopterećenje\Preopterećenje.csproj", "{F84DB801-719F-427B-95F4-AB9CADA0DA65}"
EndProject
Project("{FAE04EC0-301F-11D3-BF4B-00C04F79EFBC}") = "ReferentniTipovi", "ReferentniTipovi\ReferentniTipovi.csproj", "{8E5A5FE8-BAF7-4169-8E43-B5997DDCCABD}"
EndProject
Project("{FAE04EC0-301F-11D3-BF4B-00C04F79EFBC}") = "Indekseri", "Indekseri\Indekseri.csproj", "{50774229-1A7E-4983-A26A-E9029DE68854}"
EndProject
Project("{FAE04EC0-301F-11D3-BF4B-00C04F79EFBC}") = "Testovi", "Testovi\Testovi.csproj", "{1D0023C4-2D0F-4DDD-87C9-B412B579C059}"
EndProject
Global
	GlobalSection(SolutionConfigurationPlatforms) = preSolution
		Debug|Any CPU = Debug|Any CPU
		Release|Any CPU = Release|Any CPU
	EndGlobalSection
	GlobalSection(ProjectConfigurationPlatforms) = postSolution
		{7DC9F10C-9E21-4681-A601-5DD5501BBDA0}.Debug|Any CPU.ActiveCfg = Debug|Any CPU
		{7DC9F10C-9E21-4681-A601-5DD5501BBDA0}.Debug|Any CPU.Build.0 = Debug|Any CPU
		{7DC9F10C-9E21-4681-A601-5DD5501BBDA0}.Release|Any CPU.ActiveCfg = Release|Any CPU
		{7DC9F10C-9E21-4681-A601-5DD5501BBDA0}.Release|Any CPU.Build.0 = Release|Any CPU
		{6FCFC859-A800-433A-94D3-1253CCB3E3E3}.Debug|Any CPU.ActiveCfg = Debug|Any CPU
		{6FCFC859-A800-433A-94D3-1253CCB3E3E3}.Debug|Any CPU.Build.0 = Debug|Any CPU
		{6FCFC859-A800-433A-94D3-1253CCB3E3E3}.Release|Any CPU.ActiveCfg = Release|Any CPU
		{6FCFC859-A800-433A-94D3-1253CCB3E3E3}.Release|Any CPU.Build.0 = Release|Any CPU
		{F84DB801-719F-427B-95F4-AB9CADA0DA65}.Debug|Any CPU.ActiveCfg = Debug|Any CPU
		{F84DB801-719F-427B-95F4-AB9CADA0DA65}.Debug|Any CPU.Build.0 = Debug|Any CPU
		{F84DB801-719F-427B-95F4-AB9CADA0DA65}.Release|Any CPU.ActiveCfg = Release|Any CPU
		{F84DB801-719F-427B-95F4-AB9CADA0DA65}.Release|Any CPU.Build.0 = Release|Any CPU
		{8E5A5FE8-BAF7-4169-8E43-B5997DDCCABD}.Debug|Any CPU.ActiveCfg = Debug|Any CPU
		{8E5A5FE8-BAF7-4169-8E43-B5997DDCCABD}.Debug|Any CPU.Build.0 = Debug|Any CPU
		{8E5A5FE8-BAF7-4169-8E43-B5997DDCCABD}.Release|Any CPU.ActiveCfg = Release|Any CPU
		{8E5A5FE8-BAF7-4169-8E43-B5997DDCCABD}.Release|Any CPU.Build.0 = Release|Any CPU
		{50774229-1A7E-4983-A26A-E9029DE68854}.Debug|Any CPU.ActiveCfg = Debug|Any CPU
		{50774229-1A7E-4983-A26A-E9029DE68854}.Debug|Any CPU.Build.0 = Debug|Any CPU
		{50774229-1A7E-4983-A26A-E9029DE68854}.Release|Any CPU.ActiveCfg = Release|Any CPU
		{50774229-1A7E-4983-A26A-E9029DE68854}.Release|Any CPU.Build.0 = Release|Any CPU
		{1D0023C4-2D0F-4DDD-87C9-B412B579C059}.Debug|Any CPU.ActiveCfg = Debug|Any CPU
		{1D0023C4-2D0F-4DDD-87C9-B412B579C059}.Debug|Any CPU.Build.0 = Debug|Any CPU
		{1D0023C4-2D0F-4DDD-87C9-B412B579C059}.Release|Any CPU.ActiveCfg = Release|Any CPU
		{1D0023C4-2D0F-4DDD-87C9-B412B579C059}.Release|Any CPU.Build.0 = Release|Any CPU
	EndGlobalSection
	GlobalSection(SolutionProperties) = preSolution
		HideSolutionNode = FALSE
	EndGlobalSection
	GlobalSection(NestedProjects) = preSolution
		{7DC9F10C-9E21-4681-A601-5DD5501BBDA0} = {4455A981-B534-4FDA-B194-A3415C7A6D58}
		{6FCFC859-A800-433A-94D3-1253CCB3E3E3} = {7FD79D7A-AB44-4B48-BBE4-42827AB5810A}
		{F84DB801-719F-427B-95F4-AB9CADA0DA65} = {10F480AF-5B8C-459E-8A21-19E93FDED56E}
		{8E5A5FE8-BAF7-4169-8E43-B5997DDCCABD} = {22066A3B-AC00-41C7-AB71-0B849D1B7077}
		{50774229-1A7E-4983-A26A-E9029DE68854} = {0E73C797-6686-456D-B67D-016549F7F283}
	EndGlobalSection
	GlobalSection(ExtensibilityGlobals) = postSolution
		SolutionGuid = {7D2F9B6F-5D86-47EC-AF4F-9B118DFE1A32}
	EndGlobalSection
EndGlobal
